{
  "name": "pluginproject",
  "lockfileVersion": 3,
  "requires": true,
  "packages": {
    "": {
      "dependencies": {
        "nestablejs": "^0.2.0"
      }
    },
    "node_modules/nestablejs": {
      "version": "0.2.0",
      "resolved": "https://registry.npmjs.org/nestablejs/-/nestablejs-0.2.0.tgz",
      "integrity": "sha512-XfyMqAQ/6qhPFXoCoLQeCWitU19IjrUhZmgVG40xAYlb7ME06Ac08gDKTCthN4OU9HhNk1bRU7E6WNHU5xlTag=="
    }
  }
}
